
Microsoft Visual Studio Solution File, Format Version 12.00
# Visual Studio Version 16
VisualStudioVersion = 16.0.31105.61
MinimumVisualStudioVersion = 10.0.40219.1
Project("{FAE04EC0-301F-11D3-BF4B-00C04F79EFBC}") = "Advanced_LINQ", "Advanced_LINQ.csproj", "{D0A684DF-E1D7-4276-9D9F-2B370F23B4F3}"
EndProject
Global
	GlobalSection(SolutionConfigurationPlatforms) = preSolution
		Debug|Any CPU = Debug|Any CPU
		Release|Any CPU = Release|Any CPU
	EndGlobalSection
	GlobalSection(ProjectConfigurationPlatforms) = postSolution
		{D0A684DF-E1D7-4276-9D9F-2B370F23B4F3}.Debug|Any CPU.ActiveCfg = Debug|Any CPU
		{D0A684DF-E1D7-4276-9D9F-2B370F23B4F3}.Debug|Any CPU.Build.0 = Debug|Any CPU
		{D0A684DF-E1D7-4276-9D9F-2B370F23B4F3}.Release|Any CPU.ActiveCfg = Release|Any CPU
		{D0A684DF-E1D7-4276-9D9F-2B370F23B4F3}.Release|Any CPU.Build.0 = Release|Any CPU
	EndGlobalSection
	GlobalSection(SolutionProperties) = preSolution
		HideSolutionNode = FALSE
	EndGlobalSection
	GlobalSection(ExtensibilityGlobals) = postSolution
		SolutionGuid = {8B5C7939-1F2A-4562-86B6-874AC4520A12}
	EndGlobalSection
EndGlobal
